<?xml version="1.0" encoding="utf-8"?>
<Project ToolsVersion="4.0" xmlns="http://schemas.microsoft.com/developer/msbuild/2003">
  <ItemGroup>
    <Filter Include="PE">
      <UniqueIdentifier>{DA745900-C600-880B-2FAF-880B1B5A880B}</UniqueIdentifier>
    </Filter>
    <Filter Include="PE\Events">
      <UniqueIdentifier>{7EE733D2-EA51-E848-3390-99EE9F39C69D}</UniqueIdentifier>
    </Filter>
  </ItemGroup>
  <ItemGroup>
    <ClInclude Include="src\PE\Application.h">
      <Filter>PE</Filter>
    </ClInclude>
    <ClInclude Include="src\PE\Core.h">
      <Filter>PE</Filter>
    </ClInclude>
    <ClInclude Include="src\PE\EntryPoint.h">
      <Filter>PE</Filter>
    </ClInclude>
    <ClInclude Include="src\PE\Events\ApplicationEvent.h">
      <Filter>PE\Events</Filter>
    </ClInclude>
    <ClInclude Include="src\PE\Events\Event.h">
      <Filter>PE\Events</Filter>
    </ClInclude>
    <ClInclude Include="src\PE\Events\KeyEvent.h">
      <Filter>PE\Events</Filter>
    </ClInclude>
    <ClInclude Include="src\PE\Events\MouseEvent.h">
      <Filter>PE\Events</Filter>
    </ClInclude>
    <ClInclude Include="src\PE\Log.h">
      <Filter>PE</Filter>
    </ClInclude>
    <ClInclude Include="src\PEngine.h" />
    <ClInclude Include="src\pepch.h" />
  </ItemGroup>
  <ItemGroup>
    <ClCompile Include="src\PE\Application.cpp">
      <Filter>PE</Filter>
    </ClCompile>
    <ClCompile Include="src\PE\Log.cpp">
      <Filter>PE</Filter>
    </ClCompile>
    <ClCompile Include="src\pepch.cpp" />
  </ItemGroup>
</Project>